
Microsoft Visual Studio Solution File, Format Version 12.00
# Visual Studio 15
Project("{FAE04EC0-301F-11D3-BF4B-00C04F79EFBC}") = "Assembly-CSharp-Editor", "Assembly-CSharp-Editor.csproj", "{A122917F-B702-65B6-D720-CC14796D41C1}"
EndProject
Project("{FAE04EC0-301F-11D3-BF4B-00C04F79EFBC}") = "Assembly-CSharp", "Assembly-CSharp.csproj", "{93BC9A58-598D-1169-A123-8A56E754B976}"
EndProject
Global
	GlobalSection(SolutionConfigurationPlatforms) = preSolution
		Debug|Any CPU = Debug|Any CPU
		Release|Any CPU = Release|Any CPU
	EndGlobalSection
	GlobalSection(ProjectConfigurationPlatforms) = postSolution
		{A122917F-B702-65B6-D720-CC14796D41C1}.Debug|Any CPU.ActiveCfg = Debug|Any CPU
		{A122917F-B702-65B6-D720-CC14796D41C1}.Debug|Any CPU.Build.0 = Debug|Any CPU
		{A122917F-B702-65B6-D720-CC14796D41C1}.Release|Any CPU.ActiveCfg = Release|Any CPU
		{A122917F-B702-65B6-D720-CC14796D41C1}.Release|Any CPU.Build.0 = Release|Any CPU
		{93BC9A58-598D-1169-A123-8A56E754B976}.Debug|Any CPU.ActiveCfg = Debug|Any CPU
		{93BC9A58-598D-1169-A123-8A56E754B976}.Debug|Any CPU.Build.0 = Debug|Any CPU
		{93BC9A58-598D-1169-A123-8A56E754B976}.Release|Any CPU.ActiveCfg = Release|Any CPU
		{93BC9A58-598D-1169-A123-8A56E754B976}.Release|Any CPU.Build.0 = Release|Any CPU
	EndGlobalSection
	GlobalSection(SolutionProperties) = preSolution
		HideSolutionNode = FALSE
	EndGlobalSection
EndGlobal
