
Microsoft Visual Studio Solution File, Format Version 12.00
# Visual Studio 15
Project("{FAE04EC0-301F-11D3-BF4B-00C04F79EFBC}") = "Assembly-CSharp", "Assembly-CSharp.csproj", "{2BA7E6D3-223D-22B1-1EC2-0CB9F243E6FB}"
EndProject
Project("{FAE04EC0-301F-11D3-BF4B-00C04F79EFBC}") = "Assembly-CSharp-Editor", "Assembly-CSharp-Editor.csproj", "{34D21E7E-A3E1-9108-C13C-4D4559A9C4D9}"
EndProject
Global
	GlobalSection(SolutionConfigurationPlatforms) = preSolution
		Debug|Any CPU = Debug|Any CPU
		Release|Any CPU = Release|Any CPU
	EndGlobalSection
	GlobalSection(ProjectConfigurationPlatforms) = postSolution
		{2BA7E6D3-223D-22B1-1EC2-0CB9F243E6FB}.Debug|Any CPU.ActiveCfg = Debug|Any CPU
		{2BA7E6D3-223D-22B1-1EC2-0CB9F243E6FB}.Debug|Any CPU.Build.0 = Debug|Any CPU
		{2BA7E6D3-223D-22B1-1EC2-0CB9F243E6FB}.Release|Any CPU.ActiveCfg = Release|Any CPU
		{2BA7E6D3-223D-22B1-1EC2-0CB9F243E6FB}.Release|Any CPU.Build.0 = Release|Any CPU
		{34D21E7E-A3E1-9108-C13C-4D4559A9C4D9}.Debug|Any CPU.ActiveCfg = Debug|Any CPU
		{34D21E7E-A3E1-9108-C13C-4D4559A9C4D9}.Debug|Any CPU.Build.0 = Debug|Any CPU
		{34D21E7E-A3E1-9108-C13C-4D4559A9C4D9}.Release|Any CPU.ActiveCfg = Release|Any CPU
		{34D21E7E-A3E1-9108-C13C-4D4559A9C4D9}.Release|Any CPU.Build.0 = Release|Any CPU
	EndGlobalSection
	GlobalSection(SolutionProperties) = preSolution
		HideSolutionNode = FALSE
	EndGlobalSection
EndGlobal
